
Microsoft Visual Studio Solution File, Format Version 12.00
# Visual Studio Version 17
VisualStudioVersion = 17.4.33205.214
MinimumVisualStudioVersion = 10.0.40219.1
Project("{FAE04EC0-301F-11D3-BF4B-00C04F79EFBC}") = "NewProject", "NewProject.csproj", "{52EFAB37-038D-4148-BB21-5A7C231A0692}"
EndProject
Global
	GlobalSection(SolutionConfigurationPlatforms) = preSolution
		Debug|Any CPU = Debug|Any CPU
		Release|Any CPU = Release|Any CPU
	EndGlobalSection
	GlobalSection(ProjectConfigurationPlatforms) = postSolution
		{52EFAB37-038D-4148-BB21-5A7C231A0692}.Debug|Any CPU.ActiveCfg = Debug|Any CPU
		{52EFAB37-038D-4148-BB21-5A7C231A0692}.Debug|Any CPU.Build.0 = Debug|Any CPU
		{52EFAB37-038D-4148-BB21-5A7C231A0692}.Release|Any CPU.ActiveCfg = Release|Any CPU
		{52EFAB37-038D-4148-BB21-5A7C231A0692}.Release|Any CPU.Build.0 = Release|Any CPU
	EndGlobalSection
	GlobalSection(SolutionProperties) = preSolution
		HideSolutionNode = FALSE
	EndGlobalSection
	GlobalSection(ExtensibilityGlobals) = postSolution
		SolutionGuid = {0D2F3D40-37EB-4CF9-BB36-7B0F6F63155A}
	EndGlobalSection
EndGlobal
